
Microsoft Visual Studio Solution File, Format Version 12.00
# Visual Studio 15
Project("{FAE04EC0-301F-11D3-BF4B-00C04F79EFBC}") = "XamarinFormsIssue_4223.Android", "XamarinFormsIssue_4223.Android\XamarinFormsIssue_4223.Android.csproj", "{425ED261-CF8B-4154-914F-F24B3EAD4848}"
EndProject
Project("{FAE04EC0-301F-11D3-BF4B-00C04F79EFBC}") = "XamarinFormsIssue_4223", "XamarinFormsIssue_4223\XamarinFormsIssue_4223.csproj", "{16C74B67-F323-44CC-99B3-88834F717B2A}"
EndProject
Global
	GlobalSection(SolutionConfigurationPlatforms) = preSolution
		Debug|Any CPU = Debug|Any CPU
		Release|Any CPU = Release|Any CPU
	EndGlobalSection
	GlobalSection(ProjectConfigurationPlatforms) = postSolution
		{425ED261-CF8B-4154-914F-F24B3EAD4848}.Debug|Any CPU.ActiveCfg = Debug|Any CPU
		{425ED261-CF8B-4154-914F-F24B3EAD4848}.Debug|Any CPU.Build.0 = Debug|Any CPU
		{425ED261-CF8B-4154-914F-F24B3EAD4848}.Release|Any CPU.ActiveCfg = Release|Any CPU
		{425ED261-CF8B-4154-914F-F24B3EAD4848}.Release|Any CPU.Build.0 = Release|Any CPU
		{16C74B67-F323-44CC-99B3-88834F717B2A}.Debug|Any CPU.ActiveCfg = Debug|Any CPU
		{16C74B67-F323-44CC-99B3-88834F717B2A}.Debug|Any CPU.Build.0 = Debug|Any CPU
		{16C74B67-F323-44CC-99B3-88834F717B2A}.Release|Any CPU.ActiveCfg = Release|Any CPU
		{16C74B67-F323-44CC-99B3-88834F717B2A}.Release|Any CPU.Build.0 = Release|Any CPU
	EndGlobalSection
EndGlobal
